// !$*UTF8*$!
{
	archiveVersion = 1;
	classes = {
	};
	objectVersion = 56;
	objects = {

/* Begin PBXBuildFile section */
		85812AD72A2F93BE001F7C1E /* ScrumdingerApp.swift in Sources */ = {isa = PBXBuildFile; fileRef = 85812AD62A2F93BE001F7C1E /* ScrumdingerApp.swift */; };
		85812AD92A2F93BE001F7C1E /* MeetingView.swift in Sources */ = {isa = PBXBuildFile; fileRef = 85812AD82A2F93BE001F7C1E /* MeetingView.swift */; };
		85812ADB2A2F93BF001F7C1E /* Assets.xcassets in Resources */ = {isa = PBXBuildFile; fileRef = 85812ADA2A2F93BF001F7C1E /* Assets.xcassets */; };
		85812ADE2A2F93BF001F7C1E /* Preview Assets.xcassets in Resources */ = {isa = PBXBuildFile; fileRef = 85812ADD2A2F93BF001F7C1E /* Preview Assets.xcassets */; };
		85812AE62A2FE7E2001F7C1E /* Theme.swift in Sources */ = {isa = PBXBuildFile; fileRef = 85812AE52A2FE7E2001F7C1E /* Theme.swift */; };
		85812AE82A2FE9AE001F7C1E /* DailyScrum.swift in Sources */ = {isa = PBXBuildFile; fileRef = 85812AE72A2FE9AE001F7C1E /* DailyScrum.swift */; };
		85812AEA2A2FEA9B001F7C1E /* CardView.swift in Sources */ = {isa = PBXBuildFile; fileRef = 85812AE92A2FEA9B001F7C1E /* CardView.swift */; };
		85812AEC2A2FEEA8001F7C1E /* TrailingIconLabelStyle.swift in Sources */ = {isa = PBXBuildFile; fileRef = 85812AEB2A2FEEA8001F7C1E /* TrailingIconLabelStyle.swift */; };
		85812AEE2A2FF0C8001F7C1E /* ScrumsView.swift in Sources */ = {isa = PBXBuildFile; fileRef = 85812AED2A2FF0C8001F7C1E /* ScrumsView.swift */; };
		85812AF02A2FF59E001F7C1E /* DetailView.swift in Sources */ = {isa = PBXBuildFile; fileRef = 85812AEF2A2FF59E001F7C1E /* DetailView.swift */; };
		85812AF22A301EAF001F7C1E /* DetailEditView.swift in Sources */ = {isa = PBXBuildFile; fileRef = 85812AF12A301EAF001F7C1E /* DetailEditView.swift */; };
		85812AF42A302883001F7C1E /* ThemeView.swift in Sources */ = {isa = PBXBuildFile; fileRef = 85812AF32A302883001F7C1E /* ThemeView.swift */; };
		85812AF72A302B7A001F7C1E /* ThemePicker.swift in Sources */ = {isa = PBXBuildFile; fileRef = 85812AF62A302B7A001F7C1E /* ThemePicker.swift */; };
		85812AF92A30BA68001F7C1E /* MeetingHeaderView.swift in Sources */ = {isa = PBXBuildFile; fileRef = 85812AF82A30BA68001F7C1E /* MeetingHeaderView.swift */; };
		85812AFB2A30BFD1001F7C1E /* ScrumProgressViewStyle.swift in Sources */ = {isa = PBXBuildFile; fileRef = 85812AFA2A30BFD1001F7C1E /* ScrumProgressViewStyle.swift */; };
		85812AFD2A30C15A001F7C1E /* ScrumTimer.swift in Sources */ = {isa = PBXBuildFile; fileRef = 85812AFC2A30C15A001F7C1E /* ScrumTimer.swift */; };
		85812B002A30C2F3001F7C1E /* MeetingFooterView.swift in Sources */ = {isa = PBXBuildFile; fileRef = 85812AFF2A30C2F3001F7C1E /* MeetingFooterView.swift */; };
		85812B022A30C6E1001F7C1E /* AVPlayer+Ding.swift in Sources */ = {isa = PBXBuildFile; fileRef = 85812B012A30C6E1001F7C1E /* AVPlayer+Ding.swift */; };
		85812B0B2A30CBB4001F7C1E /* ding.wav in Resources */ = {isa = PBXBuildFile; fileRef = 85812B0A2A30CBB4001F7C1E /* ding.wav */; };
		85812B0D2A30CE05001F7C1E /* NewScrumSheet.swift in Sources */ = {isa = PBXBuildFile; fileRef = 85812B0C2A30CE05001F7C1E /* NewScrumSheet.swift */; };
		85812B0F2A30D0CE001F7C1E /* History.swift in Sources */ = {isa = PBXBuildFile; fileRef = 85812B0E2A30D0CE001F7C1E /* History.swift */; };
		85812B112A30E9D3001F7C1E /* ScrumStore.swift in Sources */ = {isa = PBXBuildFile; fileRef = 85812B102A30E9D3001F7C1E /* ScrumStore.swift */; };
		85812B132A30F181001F7C1E /* ErrorWrapper.swift in Sources */ = {isa = PBXBuildFile; fileRef = 85812B122A30F181001F7C1E /* ErrorWrapper.swift */; };
		85812B152A30F23A001F7C1E /* ErrorView.swift in Sources */ = {isa = PBXBuildFile; fileRef = 85812B142A30F23A001F7C1E /* ErrorView.swift */; };
/* End PBXBuildFile section */

/* Begin PBXFileReference section */
		85812AD32A2F93BE001F7C1E /* Scrumdinger.app */ = {isa = PBXFileReference; explicitFileType = wrapper.application; includeInIndex = 0; path = Scrumdinger.app; sourceTree = BUILT_PRODUCTS_DIR; };
		85812AD62A2F93BE001F7C1E /* ScrumdingerApp.swift */ = {isa = PBXFileReference; lastKnownFileType = sourcecode.swift; path = ScrumdingerApp.swift; sourceTree = "<group>"; };
		85812AD82A2F93BE001F7C1E /* MeetingView.swift */ = {isa = PBXFileReference; lastKnownFileType = sourcecode.swift; path = MeetingView.swift; sourceTree = "<group>"; };
		85812ADA2A2F93BF001F7C1E /* Assets.xcassets */ = {isa = PBXFileReference; lastKnownFileType = folder.assetcatalog; path = Assets.xcassets; sourceTree = "<group>"; };
		85812ADD2A2F93BF001F7C1E /* Preview Assets.xcassets */ = {isa = PBXFileReference; lastKnownFileType = folder.assetcatalog; path = "Preview Assets.xcassets"; sourceTree = "<group>"; };
		85812AE52A2FE7E2001F7C1E /* Theme.swift */ = {isa = PBXFileReference; lastKnownFileType = sourcecode.swift; path = Theme.swift; sourceTree = "<group>"; };
		85812AE72A2FE9AE001F7C1E /* DailyScrum.swift */ = {isa = PBXFileReference; lastKnownFileType = sourcecode.swift; path = DailyScrum.swift; sourceTree = "<group>"; };
		85812AE92A2FEA9B001F7C1E /* CardView.swift */ = {isa = PBXFileReference; lastKnownFileType = sourcecode.swift; path = CardView.swift; sourceTree = "<group>"; };
		85812AEB2A2FEEA8001F7C1E /* TrailingIconLabelStyle.swift */ = {isa = PBXFileReference; lastKnownFileType = sourcecode.swift; path = TrailingIconLabelStyle.swift; sourceTree = "<group>"; };
		85812AED2A2FF0C8001F7C1E /* ScrumsView.swift */ = {isa = PBXFileReference; lastKnownFileType = sourcecode.swift; path = ScrumsView.swift; sourceTree = "<group>"; };
		85812AEF2A2FF59E001F7C1E /* DetailView.swift */ = {isa = PBXFileReference; lastKnownFileType = sourcecode.swift; path = DetailView.swift; sourceTree = "<group>"; };
		85812AF12A301EAF001F7C1E /* DetailEditView.swift */ = {isa = PBXFileReference; lastKnownFileType = sourcecode.swift; path = DetailEditView.swift; sourceTree = "<group>"; };
		85812AF32A302883001F7C1E /* ThemeView.swift */ = {isa = PBXFileReference; lastKnownFileType = sourcecode.swift; path = ThemeView.swift; sourceTree = "<group>"; };
		85812AF62A302B7A001F7C1E /* ThemePicker.swift */ = {isa = PBXFileReference; lastKnownFileType = sourcecode.swift; path = ThemePicker.swift; sourceTree = "<group>"; };
		85812AF82A30BA68001F7C1E /* MeetingHeaderView.swift */ = {isa = PBXFileReference; lastKnownFileType = sourcecode.swift; path = MeetingHeaderView.swift; sourceTree = "<group>"; };
		85812AFA2A30BFD1001F7C1E /* ScrumProgressViewStyle.swift */ = {isa = PBXFileReference; fileEncoding = 4; lastKnownFileType = sourcecode.swift; path = ScrumProgressViewStyle.swift; sourceTree = "<group>"; };
		85812AFC2A30C15A001F7C1E /* ScrumTimer.swift */ = {isa = PBXFileReference; fileEncoding = 4; lastKnownFileType = sourcecode.swift; name = ScrumTimer.swift; path = ../../../../../../Desktop/ManagingStateAndLifeCycle/StartingProject/Scrumdinger/Models/ScrumTimer.swift; sourceTree = "<group>"; };
		85812AFF2A30C2F3001F7C1E /* MeetingFooterView.swift */ = {isa = PBXFileReference; lastKnownFileType = sourcecode.swift; path = MeetingFooterView.swift; sourceTree = "<group>"; };
		85812B012A30C6E1001F7C1E /* AVPlayer+Ding.swift */ = {isa = PBXFileReference; fileEncoding = 4; lastKnownFileType = sourcecode.swift; name = "AVPlayer+Ding.swift"; path = "../../../../../../Desktop/ManagingStateAndLifeCycle/StartingProject/Scrumdinger/Models/AVPlayer+Ding.swift"; sourceTree = "<group>"; };
		85812B0A2A30CBB4001F7C1E /* ding.wav */ = {isa = PBXFileReference; lastKnownFileType = audio.wav; name = ding.wav; path = ../../../../../.Trash/ding.wav; sourceTree = "<group>"; };
		85812B0C2A30CE05001F7C1E /* NewScrumSheet.swift */ = {isa = PBXFileReference; lastKnownFileType = sourcecode.swift; path = NewScrumSheet.swift; sourceTree = "<group>"; };
		85812B0E2A30D0CE001F7C1E /* History.swift */ = {isa = PBXFileReference; lastKnownFileType = sourcecode.swift; path = History.swift; sourceTree = "<group>"; };
		85812B102A30E9D3001F7C1E /* ScrumStore.swift */ = {isa = PBXFileReference; lastKnownFileType = sourcecode.swift; path = ScrumStore.swift; sourceTree = "<group>"; };
		85812B122A30F181001F7C1E /* ErrorWrapper.swift */ = {isa = PBXFileReference; lastKnownFileType = sourcecode.swift; path = ErrorWrapper.swift; sourceTree = "<group>"; };
		85812B142A30F23A001F7C1E /* ErrorView.swift */ = {isa = PBXFileReference; lastKnownFileType = sourcecode.swift; path = ErrorView.swift; sourceTree = "<group>"; };
/* End PBXFileReference section */

/* Begin PBXFrameworksBuildPhase section */
		85812AD02A2F93BE001F7C1E /* Frameworks */ = {
			isa = PBXFrameworksBuildPhase;
			buildActionMask = 2147483647;
			files = (
			);
			runOnlyForDeploymentPostprocessing = 0;
		};
/* End PBXFrameworksBuildPhase section */

/* Begin PBXGroup section */
		85812ACA2A2F93BE001F7C1E = {
			isa = PBXGroup;
			children = (
				85812B032A30CAC8001F7C1E /* Resources */,
				85812AD52A2F93BE001F7C1E /* Scrumdinger */,
				85812AD42A2F93BE001F7C1E /* Products */,
			);
			sourceTree = "<group>";
		};
		85812AD42A2F93BE001F7C1E /* Products */ = {
			isa = PBXGroup;
			children = (
				85812AD32A2F93BE001F7C1E /* Scrumdinger.app */,
			);
			name = Products;
			sourceTree = "<group>";
		};
		85812AD52A2F93BE001F7C1E /* Scrumdinger */ = {
			isa = PBXGroup;
			children = (
				85812AD62A2F93BE001F7C1E /* ScrumdingerApp.swift */,
				85812AE42A2FE7CB001F7C1E /* Models */,
				85812ADA2A2F93BF001F7C1E /* Assets.xcassets */,
				85812ADC2A2F93BF001F7C1E /* Preview Content */,
				85812AF52A302894001F7C1E /* Views */,
			);
			path = Scrumdinger;
			sourceTree = "<group>";
		};
		85812ADC2A2F93BF001F7C1E /* Preview Content */ = {
			isa = PBXGroup;
			children = (
				85812ADD2A2F93BF001F7C1E /* Preview Assets.xcassets */,
			);
			path = "Preview Content";
			sourceTree = "<group>";
		};
		85812AE42A2FE7CB001F7C1E /* Models */ = {
			isa = PBXGroup;
			children = (
				85812B012A30C6E1001F7C1E /* AVPlayer+Ding.swift */,
				85812AFC2A30C15A001F7C1E /* ScrumTimer.swift */,
				85812AE52A2FE7E2001F7C1E /* Theme.swift */,
				85812AE72A2FE9AE001F7C1E /* DailyScrum.swift */,
				85812B0E2A30D0CE001F7C1E /* History.swift */,
				85812B102A30E9D3001F7C1E /* ScrumStore.swift */,
				85812B122A30F181001F7C1E /* ErrorWrapper.swift */,
			);
			path = Models;
			sourceTree = "<group>";
		};
		85812AF52A302894001F7C1E /* Views */ = {
			isa = PBXGroup;
			children = (
				85812B0C2A30CE05001F7C1E /* NewScrumSheet.swift */,
				85812AFA2A30BFD1001F7C1E /* ScrumProgressViewStyle.swift */,
				85812AEB2A2FEEA8001F7C1E /* TrailingIconLabelStyle.swift */,
				85812AE92A2FEA9B001F7C1E /* CardView.swift */,
				85812AED2A2FF0C8001F7C1E /* ScrumsView.swift */,
				85812AF12A301EAF001F7C1E /* DetailEditView.swift */,
				85812AD82A2F93BE001F7C1E /* MeetingView.swift */,
				85812AF82A30BA68001F7C1E /* MeetingHeaderView.swift */,
				85812AEF2A2FF59E001F7C1E /* DetailView.swift */,
				85812AF32A302883001F7C1E /* ThemeView.swift */,
				85812AF62A302B7A001F7C1E /* ThemePicker.swift */,
				85812AFF2A30C2F3001F7C1E /* MeetingFooterView.swift */,
				85812B142A30F23A001F7C1E /* ErrorView.swift */,
			);
			path = Views;
			sourceTree = "<group>";
		};
		85812B032A30CAC8001F7C1E /* Resources */ = {
			isa = PBXGroup;
			children = (
				85812B0A2A30CBB4001F7C1E /* ding.wav */,
			);
			path = Resources;
			sourceTree = "<group>";
		};
/* End PBXGroup section */

/* Begin PBXNativeTarget section */
		85812AD22A2F93BE001F7C1E /* Scrumdinger */ = {
			isa = PBXNativeTarget;
			buildConfigurationList = 85812AE12A2F93BF001F7C1E /* Build configuration list for PBXNativeTarget "Scrumdinger" */;
			buildPhases = (
				85812ACF2A2F93BE001F7C1E /* Sources */,
				85812AD02A2F93BE001F7C1E /* Frameworks */,
				85812AD12A2F93BE001F7C1E /* Resources */,
			);
			buildRules = (
			);
			dependencies = (
			);
			name = Scrumdinger;
			productName = Scrumdinger;
			productReference = 85812AD32A2F93BE001F7C1E /* Scrumdinger.app */;
			productType = "com.apple.product-type.application";
		};
/* End PBXNativeTarget section */

/* Begin PBXProject section */
		85812ACB2A2F93BE001F7C1E /* Project object */ = {
			isa = PBXProject;
			attributes = {
				BuildIndependentTargetsInParallel = 1;
				LastSwiftUpdateCheck = 1420;
				LastUpgradeCheck = 1420;
				TargetAttributes = {
					85812AD22A2F93BE001F7C1E = {
						CreatedOnToolsVersion = 14.2;
					};
				};
			};
			buildConfigurationList = 85812ACE2A2F93BE001F7C1E /* Build configuration list for PBXProject "Scrumdinger" */;
			compatibilityVersion = "Xcode 14.0";
			developmentRegion = en;
			hasScannedForEncodings = 0;
			knownRegions = (
				en,
				Base,
			);
			mainGroup = 85812ACA2A2F93BE001F7C1E;
			productRefGroup = 85812AD42A2F93BE001F7C1E /* Products */;
			projectDirPath = "";
			projectRoot = "";
			targets = (
				85812AD22A2F93BE001F7C1E /* Scrumdinger */,
			);
		};
/* End PBXProject section */

/* Begin PBXResourcesBuildPhase section */
		85812AD12A2F93BE001F7C1E /* Resources */ = {
			isa = PBXResourcesBuildPhase;
			buildActionMask = 2147483647;
			files = (
				85812B0B2A30CBB4001F7C1E /* ding.wav in Resources */,
				85812ADE2A2F93BF001F7C1E /* Preview Assets.xcassets in Resources */,
				85812ADB2A2F93BF001F7C1E /* Assets.xcassets in Resources */,
			);
			runOnlyForDeploymentPostprocessing = 0;
		};
/* End PBXResourcesBuildPhase section */

/* Begin PBXSourcesBuildPhase section */
		85812ACF2A2F93BE001F7C1E /* Sources */ = {
			isa = PBXSourcesBuildPhase;
			buildActionMask = 2147483647;
			files = (
				85812B0F2A30D0CE001F7C1E /* History.swift in Sources */,
				85812AF72A302B7A001F7C1E /* ThemePicker.swift in Sources */,
				85812AFB2A30BFD1001F7C1E /* ScrumProgressViewStyle.swift in Sources */,
				85812B002A30C2F3001F7C1E /* MeetingFooterView.swift in Sources */,
				85812B152A30F23A001F7C1E /* ErrorView.swift in Sources */,
				85812AFD2A30C15A001F7C1E /* ScrumTimer.swift in Sources */,
				85812AE82A2FE9AE001F7C1E /* DailyScrum.swift in Sources */,
				85812B112A30E9D3001F7C1E /* ScrumStore.swift in Sources */,
				85812AF02A2FF59E001F7C1E /* DetailView.swift in Sources */,
				85812B132A30F181001F7C1E /* ErrorWrapper.swift in Sources */,
				85812AF92A30BA68001F7C1E /* MeetingHeaderView.swift in Sources */,
				85812AF22A301EAF001F7C1E /* DetailEditView.swift in Sources */,
				85812B0D2A30CE05001F7C1E /* NewScrumSheet.swift in Sources */,
				85812AEC2A2FEEA8001F7C1E /* TrailingIconLabelStyle.swift in Sources */,
				85812AE62A2FE7E2001F7C1E /* Theme.swift in Sources */,
				85812AEE2A2FF0C8001F7C1E /* ScrumsView.swift in Sources */,
				85812AD92A2F93BE001F7C1E /* MeetingView.swift in Sources */,
				85812AD72A2F93BE001F7C1E /* ScrumdingerApp.swift in Sources */,
				85812AF42A302883001F7C1E /* ThemeView.swift in Sources */,
				85812AEA2A2FEA9B001F7C1E /* CardView.swift in Sources */,
				85812B022A30C6E1001F7C1E /* AVPlayer+Ding.swift in Sources */,
			);
			runOnlyForDeploymentPostprocessing = 0;
		};
/* End PBXSourcesBuildPhase section */

/* Begin XCBuildConfiguration section */
		85812ADF2A2F93BF001F7C1E /* Debug */ = {
			isa = XCBuildConfiguration;
			buildSettings = {
				ALWAYS_SEARCH_USER_PATHS = NO;
				CLANG_ANALYZER_NONNULL = YES;
				CLANG_ANALYZER_NUMBER_OBJECT_CONVERSION = YES_AGGRESSIVE;
				CLANG_CXX_LANGUAGE_STANDARD = "gnu++20";
				CLANG_ENABLE_MODULES = YES;
				CLANG_ENABLE_OBJC_ARC = YES;
				CLANG_ENABLE_OBJC_WEAK = YES;
				CLANG_WARN_BLOCK_CAPTURE_AUTORELEASING = YES;
				CLANG_WARN_BOOL_CONVERSION = YES;
				CLANG_WARN_COMMA = YES;
				CLANG_WARN_CONSTANT_CONVERSION = YES;
				CLANG_WARN_DEPRECATED_OBJC_IMPLEMENTATIONS = YES;
				CLANG_WARN_DIRECT_OBJC_ISA_USAGE = YES_ERROR;
				CLANG_WARN_DOCUMENTATION_COMMENTS = YES;
				CLANG_WARN_EMPTY_BODY = YES;
				CLANG_WARN_ENUM_CONVERSION = YES;
				CLANG_WARN_INFINITE_RECURSION = YES;
				CLANG_WARN_INT_CONVERSION = YES;
				CLANG_WARN_NON_LITERAL_NULL_CONVERSION = YES;
				CLANG_WARN_OBJC_IMPLICIT_RETAIN_SELF = YES;
				CLANG_WARN_OBJC_LITERAL_CONVERSION = YES;
				CLANG_WARN_OBJC_ROOT_CLASS = YES_ERROR;
				CLANG_WARN_QUOTED_INCLUDE_IN_FRAMEWORK_HEADER = YES;
				CLANG_WARN_RANGE_LOOP_ANALYSIS = YES;
				CLANG_WARN_STRICT_PROTOTYPES = YES;
				CLANG_WARN_SUSPICIOUS_MOVE = YES;
				CLANG_WARN_UNGUARDED_AVAILABILITY = YES_AGGRESSIVE;
				CLANG_WARN_UNREACHABLE_CODE = YES;
				CLANG_WARN__DUPLICATE_METHOD_MATCH = YES;
				COPY_PHASE_STRIP = NO;
				DEBUG_INFORMATION_FORMAT = dwarf;
				ENABLE_STRICT_OBJC_MSGSEND = YES;
				ENABLE_TESTABILITY = YES;
				GCC_C_LANGUAGE_STANDARD = gnu11;
				GCC_DYNAMIC_NO_PIC = NO;
				GCC_NO_COMMON_BLOCKS = YES;
				GCC_OPTIMIZATION_LEVEL = 0;
				GCC_PREPROCESSOR_DEFINITIONS = (
					"DEBUG=1",
					"$(inherited)",
				);
				GCC_WARN_64_TO_32_BIT_CONVERSION = YES;
				GCC_WARN_ABOUT_RETURN_TYPE = YES_ERROR;
				GCC_WARN_UNDECLARED_SELECTOR = YES;
				GCC_WARN_UNINITIALIZED_AUTOS = YES_AGGRESSIVE;
				GCC_WARN_UNUSED_FUNCTION = YES;
				GCC_WARN_UNUSED_VARIABLE = YES;
				IPHONEOS_DEPLOYMENT_TARGET = 16.2;
				MTL_ENABLE_DEBUG_INFO = INCLUDE_SOURCE;
				MTL_FAST_MATH = YES;
				ONLY_ACTIVE_ARCH = YES;
				SDKROOT = iphoneos;
				SWIFT_ACTIVE_COMPILATION_CONDITIONS = DEBUG;
				SWIFT_OPTIMIZATION_LEVEL = "-Onone";
			};
			name = Debug;
		};
		85812AE02A2F93BF001F7C1E /* Release */ = {
			isa = XCBuildConfiguration;
			buildSettings = {
				ALWAYS_SEARCH_USER_PATHS = NO;
				CLANG_ANALYZER_NONNULL = YES;
				CLANG_ANALYZER_NUMBER_OBJECT_CONVERSION = YES_AGGRESSIVE;
				CLANG_CXX_LANGUAGE_STANDARD = "gnu++20";
				CLANG_ENABLE_MODULES = YES;
				CLANG_ENABLE_OBJC_ARC = YES;
				CLANG_ENABLE_OBJC_WEAK = YES;
				CLANG_WARN_BLOCK_CAPTURE_AUTORELEASING = YES;
				CLANG_WARN_BOOL_CONVERSION = YES;
				CLANG_WARN_COMMA = YES;
				CLANG_WARN_CONSTANT_CONVERSION = YES;
				CLANG_WARN_DEPRECATED_OBJC_IMPLEMENTATIONS = YES;
				CLANG_WARN_DIRECT_OBJC_ISA_USAGE = YES_ERROR;
				CLANG_WARN_DOCUMENTATION_COMMENTS = YES;
				CLANG_WARN_EMPTY_BODY = YES;
				CLANG_WARN_ENUM_CONVERSION = YES;
				CLANG_WARN_INFINITE_RECURSION = YES;
				CLANG_WARN_INT_CONVERSION = YES;
				CLANG_WARN_NON_LITERAL_NULL_CONVERSION = YES;
				CLANG_WARN_OBJC_IMPLICIT_RETAIN_SELF = YES;
				CLANG_WARN_OBJC_LITERAL_CONVERSION = YES;
				CLANG_WARN_OBJC_ROOT_CLASS = YES_ERROR;
				CLANG_WARN_QUOTED_INCLUDE_IN_FRAMEWORK_HEADER = YES;
				CLANG_WARN_RANGE_LOOP_ANALYSIS = YES;
				CLANG_WARN_STRICT_PROTOTYPES = YES;
				CLANG_WARN_SUSPICIOUS_MOVE = YES;
				CLANG_WARN_UNGUARDED_AVAILABILITY = YES_AGGRESSIVE;
				CLANG_WARN_UNREACHABLE_CODE = YES;
				CLANG_WARN__DUPLICATE_METHOD_MATCH = YES;
				COPY_PHASE_STRIP = NO;
				DEBUG_INFORMATION_FORMAT = "dwarf-with-dsym";
				ENABLE_NS_ASSERTIONS = NO;
				ENABLE_STRICT_OBJC_MSGSEND = YES;
				GCC_C_LANGUAGE_STANDARD = gnu11;
				GCC_NO_COMMON_BLOCKS = YES;
				GCC_WARN_64_TO_32_BIT_CONVERSION = YES;
				GCC_WARN_ABOUT_RETURN_TYPE = YES_ERROR;
				GCC_WARN_UNDECLARED_SELECTOR = YES;
				GCC_WARN_UNINITIALIZED_AUTOS = YES_AGGRESSIVE;
				GCC_WARN_UNUSED_FUNCTION = YES;
				GCC_WARN_UNUSED_VARIABLE = YES;
				IPHONEOS_DEPLOYMENT_TARGET = 16.2;
				MTL_ENABLE_DEBUG_INFO = NO;
				MTL_FAST_MATH = YES;
				SDKROOT = iphoneos;
				SWIFT_COMPILATION_MODE = wholemodule;
				SWIFT_OPTIMIZATION_LEVEL = "-O";
				VALIDATE_PRODUCT = YES;
			};
			name = Release;
		};
		85812AE22A2F93BF001F7C1E /* Debug */ = {
			isa = XCBuildConfiguration;
			buildSettings = {
				ASSETCATALOG_COMPILER_APPICON_NAME = AppIcon;
				ASSETCATALOG_COMPILER_GLOBAL_ACCENT_COLOR_NAME = AccentColor;
				CODE_SIGN_STYLE = Automatic;
				CURRENT_PROJECT_VERSION = 1;
				DEVELOPMENT_ASSET_PATHS = "\"Scrumdinger/Preview Content\"";
				ENABLE_PREVIEWS = YES;
				GENERATE_INFOPLIST_FILE = YES;
				INFOPLIST_KEY_UIApplicationSceneManifest_Generation = YES;
				INFOPLIST_KEY_UIApplicationSupportsIndirectInputEvents = YES;
				INFOPLIST_KEY_UILaunchScreen_Generation = YES;
				INFOPLIST_KEY_UISupportedInterfaceOrientations_iPad = "UIInterfaceOrientationPortrait UIInterfaceOrientationPortraitUpsideDown UIInterfaceOrientationLandscapeLeft UIInterfaceOrientationLandscapeRight";
				INFOPLIST_KEY_UISupportedInterfaceOrientations_iPhone = "UIInterfaceOrientationPortrait UIInterfaceOrientationLandscapeLeft UIInterfaceOrientationLandscapeRight";
				LD_RUNPATH_SEARCH_PATHS = (
					"$(inherited)",
					"@executable_path/Frameworks",
				);
				MARKETING_VERSION = 1.0;
				PRODUCT_BUNDLE_IDENTIFIER = "DJ-Khalid.Scrumdinger";
				PRODUCT_NAME = "$(TARGET_NAME)";
				SWIFT_EMIT_LOC_STRINGS = YES;
				SWIFT_VERSION = 5.0;
				TARGETED_DEVICE_FAMILY = "1,2";
			};
			name = Debug;
		};
		85812AE32A2F93BF001F7C1E /* Release */ = {
			isa = XCBuildConfiguration;
			buildSettings = {
				ASSETCATALOG_COMPILER_APPICON_NAME = AppIcon;
				ASSETCATALOG_COMPILER_GLOBAL_ACCENT_COLOR_NAME = AccentColor;
				CODE_SIGN_STYLE = Automatic;
				CURRENT_PROJECT_VERSION = 1;
				DEVELOPMENT_ASSET_PATHS = "\"Scrumdinger/Preview Content\"";
				ENABLE_PREVIEWS = YES;
				GENERATE_INFOPLIST_FILE = YES;
				INFOPLIST_KEY_UIApplicationSceneManifest_Generation = YES;
				INFOPLIST_KEY_UIApplicationSupportsIndirectInputEvents = YES;
				INFOPLIST_KEY_UILaunchScreen_Generation = YES;
				INFOPLIST_KEY_UISupportedInterfaceOrientations_iPad = "UIInterfaceOrientationPortrait UIInterfaceOrientationPortraitUpsideDown UIInterfaceOrientationLandscapeLeft UIInterfaceOrientationLandscapeRight";
				INFOPLIST_KEY_UISupportedInterfaceOrientations_iPhone = "UIInterfaceOrientationPortrait UIInterfaceOrientationLandscapeLeft UIInterfaceOrientationLandscapeRight";
				LD_RUNPATH_SEARCH_PATHS = (
					"$(inherited)",
					"@executable_path/Frameworks",
				);
				MARKETING_VERSION = 1.0;
				PRODUCT_BUNDLE_IDENTIFIER = "DJ-Khalid.Scrumdinger";
				PRODUCT_NAME = "$(TARGET_NAME)";
				SWIFT_EMIT_LOC_STRINGS = YES;
				SWIFT_VERSION = 5.0;
				TARGETED_DEVICE_FAMILY = "1,2";
			};
			name = Release;
		};
/* End XCBuildConfiguration section */

/* Begin XCConfigurationList section */
		85812ACE2A2F93BE001F7C1E /* Build configuration list for PBXProject "Scrumdinger" */ = {
			isa = XCConfigurationList;
			buildConfigurations = (
				85812ADF2A2F93BF001F7C1E /* Debug */,
				85812AE02A2F93BF001F7C1E /* Release */,
			);
			defaultConfigurationIsVisible = 0;
			defaultConfigurationName = Release;
		};
		85812AE12A2F93BF001F7C1E /* Build configuration list for PBXNativeTarget "Scrumdinger" */ = {
			isa = XCConfigurationList;
			buildConfigurations = (
				85812AE22A2F93BF001F7C1E /* Debug */,
				85812AE32A2F93BF001F7C1E /* Release */,
			);
			defaultConfigurationIsVisible = 0;
			defaultConfigurationName = Release;
		};
/* End XCConfigurationList section */
	};
	rootObject = 85812ACB2A2F93BE001F7C1E /* Project object */;
}
